
Microsoft Visual Studio Solution File, Format Version 12.00
# Visual Studio 15
VisualStudioVersion = 15.0.26730.16
MinimumVisualStudioVersion = 10.0.40219.1
Project("{FAE04EC0-301F-11D3-BF4B-00C04F79EFBC}") = "LunchTime", "LunchTime\LunchTime.csproj", "{0A00DF55-99C9-4E6F-963A-772107F3735B}"
EndProject
Global
	GlobalSection(SolutionConfigurationPlatforms) = preSolution
		Debug|Any CPU = Debug|Any CPU
		Release|Any CPU = Release|Any CPU
	EndGlobalSection
	GlobalSection(ProjectConfigurationPlatforms) = postSolution
		{0A00DF55-99C9-4E6F-963A-772107F3735B}.Debug|Any CPU.ActiveCfg = Debug|Any CPU
		{0A00DF55-99C9-4E6F-963A-772107F3735B}.Debug|Any CPU.Build.0 = Debug|Any CPU
		{0A00DF55-99C9-4E6F-963A-772107F3735B}.Release|Any CPU.ActiveCfg = Release|Any CPU
		{0A00DF55-99C9-4E6F-963A-772107F3735B}.Release|Any CPU.Build.0 = Release|Any CPU
	EndGlobalSection
	GlobalSection(SolutionProperties) = preSolution
		HideSolutionNode = FALSE
	EndGlobalSection
	GlobalSection(ExtensibilityGlobals) = postSolution
		SolutionGuid = {C24D4198-C28F-4C15-8598-24EDFCCDDD2D}
	EndGlobalSection
EndGlobal
